# This file is automatically @generated by Cargo.
# It is not intended for manual editing.
version = 4

[[package]]
name = "allocator-api2"
version = "0.2.21"
source = "registry+https://github.com/rust-lang/crates.io-index"
checksum = "683d7910e743518b0e34f1186f92494becacb047c7b6bf616c96772180fef923"

[[package]]
name = "bitflags"
version = "2.13.2"
source = "registry+https://github.com/rust-lang/crates.io-index"
checksum = "3ded4057c258ba199e2d26386d3af3780957ecaee6c4ef4041c6b4b8b97c0b06"

[[package]]
name = "brust-compiler"
version = "0.0.0"
dependencies = [
 "bstr",
 "bun_alloc",
 "bun_ast",
 "bun_core",
 "bun_js_parser",
 "bun_js_printer",
 "bun_react_compiler",
 "bun_threading",
 "libc",
 "serde",
 "serde_json",
 "thiserror",
]

[[package]]
name = "brust-compiler-cli"
version = "0.0.0"
dependencies = [
 "brust-compiler",
 "serde_json",
]

[[package]]
name = "bstr"
version = "1.13.1"
source = "registry+https://github.com/rust-lang/crates.io-index"
checksum = "6bb31b46c14244e20ee9984b11bf5c992b91fb6939fea616e3512c8baecdbe5f"
dependencies = [
 "memchr",
 "serde_core",
]

[[package]]
name = "bun_alloc"
version = "0.0.0"
source = "git+https://github.com/oven-sh/bun?rev=620b50f6abea3413a30235c5885bfe8cbffd592d#620b50f6abea3413a30235c5885bfe8cbffd592d"
dependencies = [
 "allocator-api2",
 "bun_mimalloc_sys",
 "bun_opaque",
 "bun_wyhash",
 "libc",
]

[[package]]
name = "bun_analytics"
version = "0.0.0"
source = "git+https://github.com/oven-sh/bun?rev=620b50f6abea3413a30235c5885bfe8cbffd592d#620b50f6abea3413a30235c5885bfe8cbffd592d"
dependencies = [
 "bitflags",
 "bun_core",
 "bun_semver",
 "libc",
]

[[package]]
name = "bun_ast"
version = "0.0.0"
source = "git+https://github.com/oven-sh/bun?rev=620b50f6abea3413a30235c5885bfe8cbffd592d#620b50f6abea3413a30235c5885bfe8cbffd592d"
dependencies = [
 "bitflags",
 "bstr",
 "bun_alloc",
 "bun_collections",
 "bun_core",
 "bun_dispatch",
 "bun_paths",
 "bun_perf",
 "bun_ptr",
 "bun_sys",
 "bun_wyhash",
 "bytemuck",
 "const_format",
 "enum-map",
 "enumset",
 "strum",
 "thiserror",
]

[[package]]
name = "bun_base64"
version = "0.0.0"
source = "git+https://github.com/oven-sh/bun?rev=620b50f6abea3413a30235c5885bfe8cbffd592d#620b50f6abea3413a30235c5885bfe8cbffd592d"
dependencies = [
 "bun_alloc",
 "bun_core",
 "bun_simdutf_sys",
 "bun_wyhash",
 "strum",
 "thiserror",
]

[[package]]
name = "bun_boringssl_sys"
version = "0.0.0"
source = "git+https://github.com/oven-sh/bun?rev=620b50f6abea3413a30235c5885bfe8cbffd592d#620b50f6abea3413a30235c5885bfe8cbffd592d"
dependencies = [
 "bun_core",
 "bun_opaque",
]

[[package]]
name = "bun_collections"
version = "0.0.0"
source = "git+https://github.com/oven-sh/bun?rev=620b50f6abea3413a30235c5885bfe8cbffd592d#620b50f6abea3413a30235c5885bfe8cbffd592d"
dependencies = [
 "allocator-api2",
 "bun_alloc",
 "bun_core",
 "bun_ptr",
 "bun_simdutf_sys",
 "bun_wyhash",
 "hashbrown",
 "paste",
 "rustc-hash",
 "smallvec",
]

[[package]]
name = "bun_core"
version = "0.0.0"
source = "git+https://github.com/oven-sh/bun?rev=620b50f6abea3413a30235c5885bfe8cbffd592d#620b50f6abea3413a30235c5885bfe8cbffd592d"
dependencies = [
 "bstr",
 "bun_alloc",
 "bun_core_macros",
 "bun_dispatch",
 "bun_hash",
 "bun_highway",
 "bun_opaque",
 "bun_output_tags",
 "bun_simdutf_sys",
 "bun_windows_sys",
 "bun_wyhash",
 "bytemuck",
 "const_format",
 "itoa",
 "libc",
 "strum",
 "thiserror",
]

[[package]]
name = "bun_core_macros"
version = "0.0.0"
source = "git+https://github.com/oven-sh/bun?rev=620b50f6abea3413a30235c5885bfe8cbffd592d#620b50f6abea3413a30235c5885bfe8cbffd592d"
dependencies = [
 "bun_output_tags",
 "proc-macro2",
 "quote",
 "syn 2.0.119",
]

[[package]]
name = "bun_crash_handler"
version = "0.0.0"
source = "git+https://github.com/oven-sh/bun?rev=620b50f6abea3413a30235c5885bfe8cbffd592d#620b50f6abea3413a30235c5885bfe8cbffd592d"
dependencies = [
 "bitflags",
 "bstr",
 "bun_alloc",
 "bun_analytics",
 "bun_base64",
 "bun_collections",
 "bun_core",
 "bun_errno",
 "bun_io",
 "bun_paths",
 "bun_ptr",
 "bun_sys",
 "bun_threading",
 "bun_which",
 "bun_zlib",
 "const_format",
 "libc",
 "scopeguard",
 "thiserror",
]

[[package]]
name = "bun_dispatch"
version = "0.0.0"
source = "git+https://github.com/oven-sh/bun?rev=620b50f6abea3413a30235c5885bfe8cbffd592d#620b50f6abea3413a30235c5885bfe8cbffd592d"
dependencies = [
 "proc-macro2",
 "quote",
 "syn 2.0.119",
]

[[package]]
name = "bun_dotenv"
version = "0.0.0"
source = "git+https://github.com/oven-sh/bun?rev=620b50f6abea3413a30235c5885bfe8cbffd592d#620b50f6abea3413a30235c5885bfe8cbffd592d"
dependencies = [
 "bstr",
 "bun_alloc",
 "bun_collections",
 "bun_core",
 "bun_errno",
 "bun_paths",
 "bun_sys",
 "bun_url",
 "bun_which",
 "enumset",
 "thiserror",
]

[[package]]
name = "bun_errno"
version = "0.0.0"
source = "git+https://github.com/oven-sh/bun?rev=620b50f6abea3413a30235c5885bfe8cbffd592d#620b50f6abea3413a30235c5885bfe8cbffd592d"
dependencies = [
 "bun_core",
 "bun_libuv_sys",
 "bun_windows_sys",
 "enum-map",
 "strum",
]

[[package]]
name = "bun_hash"
version = "0.0.0"
source = "git+https://github.com/oven-sh/bun?rev=620b50f6abea3413a30235c5885bfe8cbffd592d#620b50f6abea3413a30235c5885bfe8cbffd592d"
dependencies = [
 "bun_highway",
]

[[package]]
name = "bun_highway"
version = "0.0.0"
source = "git+https://github.com/oven-sh/bun?rev=620b50f6abea3413a30235c5885bfe8cbffd592d#620b50f6abea3413a30235c5885bfe8cbffd592d"
dependencies = [
 "bstr",
]

[[package]]
name = "bun_http_types"
version = "0.0.0"
source = "git+https://github.com/oven-sh/bun?rev=620b50f6abea3413a30235c5885bfe8cbffd592d#620b50f6abea3413a30235c5885bfe8cbffd592d"
dependencies = [
 "bstr",
 "bun_alloc",
 "bun_collections",
 "bun_core",
 "bun_url",
 "bytemuck",
 "enumset",
 "strum",
]

[[package]]
name = "bun_install_types"
version = "0.0.0"
source = "git+https://github.com/oven-sh/bun?rev=620b50f6abea3413a30235c5885bfe8cbffd592d#620b50f6abea3413a30235c5885bfe8cbffd592d"
dependencies = [
 "bitflags",
 "bstr",
 "bun_alloc",
 "bun_ast",
 "bun_core",
 "bun_semver",
 "bun_wyhash",
 "strum",
]

[[package]]
name = "bun_io"
version = "0.0.0"
source = "git+https://github.com/oven-sh/bun?rev=620b50f6abea3413a30235c5885bfe8cbffd592d#620b50f6abea3413a30235c5885bfe8cbffd592d"
dependencies = [
 "bitflags",
 "bstr",
 "bun_collections",
 "bun_core",
 "bun_dispatch",
 "bun_errno",
 "bun_ptr",
 "bun_spawn_sys",
 "bun_sys",
 "bun_threading",
 "bun_uws_sys",
 "enumset",
 "libc",
 "scopeguard",
 "strum",
 "thiserror",
]

[[package]]
name = "bun_js_parser"
version = "0.0.0"
source = "git+https://github.com/oven-sh/bun?rev=620b50f6abea3413a30235c5885bfe8cbffd592d#620b50f6abea3413a30235c5885bfe8cbffd592d"
dependencies = [
 "bitflags",
 "bstr",
 "bun_alloc",
 "bun_ast",
 "bun_base64",
 "bun_collections",
 "bun_core",
 "bun_crash_handler",
 "bun_highway",
 "bun_options_types",
 "bun_paths",
 "bun_ptr",
 "bun_react_compiler",
 "bun_sema",
 "bun_url",
 "bun_wyhash",
 "bytemuck",
 "enumset",
 "scopeguard",
 "smallvec",
 "strum",
 "thiserror",
]

[[package]]
name = "bun_js_printer"
version = "0.0.0"
source = "git+https://github.com/oven-sh/bun?rev=620b50f6abea3413a30235c5885bfe8cbffd592d#620b50f6abea3413a30235c5885bfe8cbffd592d"
dependencies = [
 "bstr",
 "bun_alloc",
 "bun_ast",
 "bun_collections",
 "bun_core",
 "bun_crash_handler",
 "bun_io",
 "bun_options_types",
 "bun_ptr",
 "bun_sourcemap",
 "bun_wyhash",
 "bytemuck",
 "const_format",
 "enum-map",
 "enumset",
 "scopeguard",
 "thiserror",
]

[[package]]
name = "bun_libuv_sys"
version = "0.0.0"
source = "git+https://github.com/oven-sh/bun?rev=620b50f6abea3413a30235c5885bfe8cbffd592d#620b50f6abea3413a30235c5885bfe8cbffd592d"
dependencies = [
 "bun_core",
 "bun_windows_sys",
 "bun_wyhash",
 "libc",
 "strum",
]

[[package]]
name = "bun_mimalloc_sys"
version = "0.0.0"
source = "git+https://github.com/oven-sh/bun?rev=620b50f6abea3413a30235c5885bfe8cbffd592d#620b50f6abea3413a30235c5885bfe8cbffd592d"
dependencies = [
 "bun_opaque",
]

[[package]]
name = "bun_opaque"
version = "0.0.0"
source = "git+https://github.com/oven-sh/bun?rev=620b50f6abea3413a30235c5885bfe8cbffd592d#620b50f6abea3413a30235c5885bfe8cbffd592d"

[[package]]
name = "bun_options_types"
version = "0.0.0"
source = "git+https://github.com/oven-sh/bun?rev=620b50f6abea3413a30235c5885bfe8cbffd592d#620b50f6abea3413a30235c5885bfe8cbffd592d"
dependencies = [
 "bstr",
 "bun_ast",
 "bun_collections",
 "bun_core",
 "bun_dotenv",
 "bun_errno",
 "bun_install_types",
 "bun_paths",
 "bun_semver",
 "bun_sys",
 "bun_url",
 "bun_wyhash",
 "const_format",
 "enum-map",
 "strum",
 "thiserror",
]

[[package]]
name = "bun_output_tags"
version = "0.0.0"
source = "git+https://github.com/oven-sh/bun?rev=620b50f6abea3413a30235c5885bfe8cbffd592d#620b50f6abea3413a30235c5885bfe8cbffd592d"

[[package]]
name = "bun_parsers"
version = "0.0.0"
source = "git+https://github.com/oven-sh/bun?rev=620b50f6abea3413a30235c5885bfe8cbffd592d#620b50f6abea3413a30235c5885bfe8cbffd592d"
dependencies = [
 "bstr",
 "bun_alloc",
 "bun_ast",
 "bun_collections",
 "bun_core",
 "bun_highway",
 "bun_simdutf_sys",
 "bun_wyhash",
 "bytemuck",
 "strum",
 "thiserror",
]

[[package]]
name = "bun_paths"
version = "0.0.0"
source = "git+https://github.com/oven-sh/bun?rev=620b50f6abea3413a30235c5885bfe8cbffd592d#620b50f6abea3413a30235c5885bfe8cbffd592d"
dependencies = [
 "bstr",
 "bun_alloc",
 "bun_core",
 "bun_errno",
 "const_format",
 "libc",
 "strum",
 "thiserror",
]

[[package]]
name = "bun_perf"
version = "0.0.0"
source = "git+https://github.com/oven-sh/bun?rev=620b50f6abea3413a30235c5885bfe8cbffd592d#620b50f6abea3413a30235c5885bfe8cbffd592d"
dependencies = [
 "bun_core",
 "bun_sys",
]

[[package]]
name = "bun_ptr"
version = "0.0.0"
source = "git+https://github.com/oven-sh/bun?rev=620b50f6abea3413a30235c5885bfe8cbffd592d#620b50f6abea3413a30235c5885bfe8cbffd592d"
dependencies = [
 "bstr",
 "bun_alloc",
 "bun_core",
 "bun_core_macros",
 "scopeguard",
]

[[package]]
name = "bun_react_compiler"
version = "0.0.0"
dependencies = [
 "bun_alloc",
 "bun_ast",
 "bun_collections",
 "bun_core",
 "enumset",
 "rustc-hash",
 "smallvec",
]

[[package]]
name = "bun_safety"
version = "0.0.0"
source = "git+https://github.com/oven-sh/bun?rev=620b50f6abea3413a30235c5885bfe8cbffd592d#620b50f6abea3413a30235c5885bfe8cbffd592d"
dependencies = [
 "bun_core",
]

[[package]]
name = "bun_sema"
version = "0.0.0"
source = "git+https://github.com/oven-sh/bun?rev=620b50f6abea3413a30235c5885bfe8cbffd592d#620b50f6abea3413a30235c5885bfe8cbffd592d"
dependencies = [
 "bitflags",
 "bstr",
 "bun_alloc",
 "bun_collections",
 "bun_core",
 "bun_paths",
 "bun_threading",
 "bun_wyhash",
 "hashbrown",
 "rustc-hash",
 "smallvec",
]

[[package]]
name = "bun_semver"
version = "0.0.0"
source = "git+https://github.com/oven-sh/bun?rev=620b50f6abea3413a30235c5885bfe8cbffd592d#620b50f6abea3413a30235c5885bfe8cbffd592d"
dependencies = [
 "bstr",
 "bun_alloc",
 "bun_collections",
 "bun_core",
 "bun_wyhash",
]

[[package]]
name = "bun_simdutf_sys"
version = "0.0.0"
source = "git+https://github.com/oven-sh/bun?rev=620b50f6abea3413a30235c5885bfe8cbffd592d#620b50f6abea3413a30235c5885bfe8cbffd592d"

[[package]]
name = "bun_sourcemap"
version = "0.0.0"
source = "git+https://github.com/oven-sh/bun?rev=620b50f6abea3413a30235c5885bfe8cbffd592d#620b50f6abea3413a30235c5885bfe8cbffd592d"
dependencies = [
 "bstr",
 "bun_alloc",
 "bun_ast",
 "bun_base64",
 "bun_collections",
 "bun_core",
 "bun_highway",
 "bun_io",
 "bun_opaque",
 "bun_parsers",
 "bun_paths",
 "bun_ptr",
 "bun_semver",
 "bun_sys",
 "bun_zstd",
 "smallvec",
 "thiserror",
]

[[package]]
name = "bun_spawn_sys"
version = "0.0.0"
source = "git+https://github.com/oven-sh/bun?rev=620b50f6abea3413a30235c5885bfe8cbffd592d#620b50f6abea3413a30235c5885bfe8cbffd592d"
dependencies = [
 "bstr",
 "bun_analytics",
 "bun_core",
 "bun_libuv_sys",
 "bun_sys",
 "bun_windows_sys",
 "enumset",
 "libc",
 "strum",
 "thiserror",
]

[[package]]
name = "bun_sys"
version = "0.0.0"
source = "git+https://github.com/oven-sh/bun?rev=620b50f6abea3413a30235c5885bfe8cbffd592d#620b50f6abea3413a30235c5885bfe8cbffd592d"
dependencies = [
 "bitflags",
 "bstr",
 "bun_alloc",
 "bun_core",
 "bun_errno",
 "bun_libuv_sys",
 "bun_opaque",
 "bun_paths",
 "bun_windows_sys",
 "bun_wyhash",
 "bytemuck",
 "enum-map",
 "libc",
 "rustix",
 "scopeguard",
 "strum",
 "thiserror",
]

[[package]]
name = "bun_threading"
version = "0.0.0"
source = "git+https://github.com/oven-sh/bun?rev=620b50f6abea3413a30235c5885bfe8cbffd592d#620b50f6abea3413a30235c5885bfe8cbffd592d"
dependencies = [
 "bun_alloc",
 "bun_collections",
 "bun_core",
 "bun_ptr",
 "bun_safety",
 "bun_sys",
 "libc",
 "scopeguard",
 "strum",
 "thiserror",
]

[[package]]
name = "bun_url"
version = "0.0.0"
source = "git+https://github.com/oven-sh/bun?rev=620b50f6abea3413a30235c5885bfe8cbffd592d#620b50f6abea3413a30235c5885bfe8cbffd592d"
dependencies = [
 "bun_alloc",
 "bun_collections",
 "bun_core",
 "bun_opaque",
 "bun_paths",
 "bun_wyhash",
 "thiserror",
]

[[package]]
name = "bun_uws_sys"
version = "0.0.0"
source = "git+https://github.com/oven-sh/bun?rev=620b50f6abea3413a30235c5885bfe8cbffd592d#620b50f6abea3413a30235c5885bfe8cbffd592d"
dependencies = [
 "bitflags",
 "bstr",
 "bun_alloc",
 "bun_boringssl_sys",
 "bun_core",
 "bun_errno",
 "bun_http_types",
 "bun_libuv_sys",
 "bun_opaque",
 "bun_paths",
 "bun_ptr",
 "bun_windows_sys",
 "libc",
 "strum",
 "thiserror",
]

[[package]]
name = "bun_which"
version = "0.0.0"
source = "git+https://github.com/oven-sh/bun?rev=620b50f6abea3413a30235c5885bfe8cbffd592d#620b50f6abea3413a30235c5885bfe8cbffd592d"
dependencies = [
 "bstr",
 "bun_core",
 "bun_paths",
 "bun_sys",
]

[[package]]
name = "bun_windows_sys"
version = "0.0.0"
source = "git+https://github.com/oven-sh/bun?rev=620b50f6abea3413a30235c5885bfe8cbffd592d#620b50f6abea3413a30235c5885bfe8cbffd592d"

[[package]]
name = "bun_wyhash"
version = "0.0.0"
source = "git+https://github.com/oven-sh/bun?rev=620b50f6abea3413a30235c5885bfe8cbffd592d#620b50f6abea3413a30235c5885bfe8cbffd592d"
dependencies = [
 "bstr",
]

[[package]]
name = "bun_zlib"
version = "0.0.0"
source = "git+https://github.com/oven-sh/bun?rev=620b50f6abea3413a30235c5885bfe8cbffd592d#620b50f6abea3413a30235c5885bfe8cbffd592d"
dependencies = [
 "bun_alloc",
 "bun_collections",
 "bun_core",
 "bun_zlib_sys",
 "strum",
]

[[package]]
name = "bun_zlib_sys"
version = "0.0.0"
source = "git+https://github.com/oven-sh/bun?rev=620b50f6abea3413a30235c5885bfe8cbffd592d#620b50f6abea3413a30235c5885bfe8cbffd592d"
dependencies = [
 "bun_core",
]

[[package]]
name = "bun_zstd"
version = "0.0.0"
source = "git+https://github.com/oven-sh/bun?rev=620b50f6abea3413a30235c5885bfe8cbffd592d#620b50f6abea3413a30235c5885bfe8cbffd592d"
dependencies = [
 "bun_core",
 "bun_opaque",
 "strum",
]

[[package]]
name = "bytemuck"
version = "1.25.2"
source = "registry+https://github.com/rust-lang/crates.io-index"
checksum = "95832e849adfb21180ccb6826a99da14e5d266ae5c2e668e1602cf234f153797"

[[package]]
name = "const_format"
version = "0.2.36"
source = "registry+https://github.com/rust-lang/crates.io-index"
checksum = "4481a617ad9a412be3b97c5d403fef8ed023103368908b9c50af598ff467cc1e"
dependencies = [
 "const_format_proc_macros",
 "konst",
]

[[package]]
name = "const_format_proc_macros"
version = "0.2.34"
source = "registry+https://github.com/rust-lang/crates.io-index"
checksum = "1d57c2eccfb16dbac1f4e61e206105db5820c9d26c3c472bc17c774259ef7744"
dependencies = [
 "proc-macro2",
 "quote",
 "unicode-xid",
]

[[package]]
name = "darling"
version = "0.21.3"
source = "registry+https://github.com/rust-lang/crates.io-index"
checksum = "9cdf337090841a411e2a7f3deb9187445851f91b309c0c0a29e05f74a00a48c0"
dependencies = [
 "darling_core",
 "darling_macro",
]

[[package]]
name = "darling_core"
version = "0.21.3"
source = "registry+https://github.com/rust-lang/crates.io-index"
checksum = "1247195ecd7e3c85f83c8d2a366e4210d588e802133e1e355180a9870b517ea4"
dependencies = [
 "fnv",
 "ident_case",
 "proc-macro2",
 "quote",
 "syn 2.0.119",
]

[[package]]
name = "darling_macro"
version = "0.21.3"
source = "registry+https://github.com/rust-lang/crates.io-index"
checksum = "d38308df82d1080de0afee5d069fa14b0326a88c14f15c5ccda35b4a6c414c81"
dependencies = [
 "darling_core",
 "quote",
 "syn 2.0.119",
]

[[package]]
name = "enum-map"
version = "2.7.3"
source = "registry+https://github.com/rust-lang/crates.io-index"
checksum = "6866f3bfdf8207509a033af1a75a7b08abda06bbaaeae6669323fd5a097df2e9"
dependencies = [
 "enum-map-derive",
]

[[package]]
name = "enum-map-derive"
version = "0.17.0"
source = "registry+https://github.com/rust-lang/crates.io-index"
checksum = "f282cfdfe92516eb26c2af8589c274c7c17681f5ecc03c18255fe741c6aa64eb"
dependencies = [
 "proc-macro2",
 "quote",
 "syn 2.0.119",
]

[[package]]
name = "enumset"
version = "1.1.14"
source = "registry+https://github.com/rust-lang/crates.io-index"
checksum = "ccc5801fd11762e24d1e420d01d2ac518f2a2ca4329d4fbb6639f2412b6204e0"
dependencies = [
 "enumset_derive",
]

[[package]]
name = "enumset_derive"
version = "0.15.0"
source = "registry+https://github.com/rust-lang/crates.io-index"
checksum = "4bd536557b58c682b217b8fb199afdff47cd3eff260623f19e77074eb073d63a"
dependencies = [
 "darling",
 "proc-macro2",
 "quote",
 "syn 2.0.119",
]

[[package]]
name = "errno"
version = "0.3.14"
source = "registry+https://github.com/rust-lang/crates.io-index"
checksum = "39cab71617ae0d63f51a36d69f866391735b51691dbda63cf6f96d042b63efeb"
dependencies = [
 "libc",
 "windows-sys 0.61.2",
]

[[package]]
name = "fnv"
version = "1.0.7"
source = "registry+https://github.com/rust-lang/crates.io-index"
checksum = "3f9eec918d3f24069decb9af1554cad7c880e2da24a9afd88aca000531ab82c1"

[[package]]
name = "hashbrown"
version = "0.15.5"
source = "registry+https://github.com/rust-lang/crates.io-index"
checksum = "9229cfe53dfd69f0609a49f65461bd93001ea1ef889cd5529dd176593f5338a1"
dependencies = [
 "allocator-api2",
]

[[package]]
name = "heck"
version = "0.5.0"
source = "registry+https://github.com/rust-lang/crates.io-index"
checksum = "2304e00983f87ffb38b55b444b5e3b60a884b5d30c0fca7d82fe33449bbe55ea"

[[package]]
name = "ident_case"
version = "1.0.1"
source = "registry+https://github.com/rust-lang/crates.io-index"
checksum = "b9e0384b61958566e926dc50660321d12159025e767c18e043daf26b70104c39"

[[package]]
name = "itoa"
version = "1.0.18"
source = "registry+https://github.com/rust-lang/crates.io-index"
checksum = "8f42a60cbdf9a97f5d2305f08a87dc4e09308d1276d28c869c684d7777685682"

[[package]]
name = "konst"
version = "0.2.20"
source = "registry+https://github.com/rust-lang/crates.io-index"
checksum = "128133ed7824fcd73d6e7b17957c5eb7bacb885649bd8c69708b2331a10bcefb"
dependencies = [
 "konst_macro_rules",
]

[[package]]
name = "konst_macro_rules"
version = "0.2.19"
source = "registry+https://github.com/rust-lang/crates.io-index"
checksum = "a4933f3f57a8e9d9da04db23fb153356ecaf00cbd14aee46279c33dc80925c37"

[[package]]
name = "libc"
version = "0.2.190"
source = "registry+https://github.com/rust-lang/crates.io-index"
checksum = "ce5d3ddc6d3fa000eb1536d85e147bfe31aacaba692ed6a876f95cb7c855be78"

[[package]]
name = "linux-raw-sys"
version = "0.4.15"
source = "registry+https://github.com/rust-lang/crates.io-index"
checksum = "d26c52dbd32dccf2d10cac7725f8eae5296885fb5703b261f7d0a0739ec807ab"

[[package]]
name = "memchr"
version = "2.8.3"
source = "registry+https://github.com/rust-lang/crates.io-index"
checksum = "cf8baf1c55e62ffcace7a9f06f4bd9cd3f0c4beb022d3b367256b91b87513d98"

[[package]]
name = "paste"
version = "1.0.15"
source = "registry+https://github.com/rust-lang/crates.io-index"
checksum = "57c0d7b74b563b49d38dae00a0c37d4d6de9b432382b2892f0574ddcae73fd0a"

[[package]]
name = "proc-macro2"
version = "1.0.107"
source = "registry+https://github.com/rust-lang/crates.io-index"
checksum = "985e7ec9bb745e6ce6535b544d84d6cd6f7ad8bd711c398938ae983b91a766d9"
dependencies = [
 "unicode-ident",
]

[[package]]
name = "quote"
version = "1.0.47"
source = "registry+https://github.com/rust-lang/crates.io-index"
checksum = "1fbf4db142a473a8d80c26bbf18454ed458bf8d26c8219c331daecfdbd079001"
dependencies = [
 "proc-macro2",
]

[[package]]
name = "rustc-hash"
version = "2.1.3"
source = "registry+https://github.com/rust-lang/crates.io-index"
checksum = "6b1e7f9a428571be2dc5bc0505c13fb6bf936822b894ec87abf8a08a4e51742d"

[[package]]
name = "rustix"
version = "0.38.44"
source = "registry+https://github.com/rust-lang/crates.io-index"
checksum = "fdb5bc1ae2baa591800df16c9ca78619bf65c0488b41b96ccec5d11220d8c154"
dependencies = [
 "bitflags",
 "errno",
 "libc",
 "linux-raw-sys",
 "windows-sys 0.59.0",
]

[[package]]
name = "rustversion"
version = "1.0.23"
source = "registry+https://github.com/rust-lang/crates.io-index"
checksum = "cf54715a573b99ac80df0bc206da022bcd442c974952c7b9720069370852e21f"

[[package]]
name = "scopeguard"
version = "1.2.0"
source = "registry+https://github.com/rust-lang/crates.io-index"
checksum = "94143f37725109f92c262ed2cf5e59bce7498c01bcc1502d7b9afe439a4e9f49"

[[package]]
name = "serde"
version = "1.0.229"
source = "registry+https://github.com/rust-lang/crates.io-index"
checksum = "4148590afebada386688f18773da617792bf2ef03ffc1e4cbd2b1d45b023e0ba"
dependencies = [
 "serde_core",
 "serde_derive",
]

[[package]]
name = "serde_core"
version = "1.0.229"
source = "registry+https://github.com/rust-lang/crates.io-index"
checksum = "67dca2c9c51e58a4791a4b1ed58308b39c64224d349a935ab5039aa360942a48"
dependencies = [
 "serde_derive",
]

[[package]]
name = "serde_derive"
version = "1.0.229"
source = "registry+https://github.com/rust-lang/crates.io-index"
checksum = "e7a5d71263a5a7d47b41f6b3f06ba276f10cc18b0931f1799f710578e2309348"
dependencies = [
 "proc-macro2",
 "quote",
 "syn 3.0.6",
]

[[package]]
name = "serde_json"
version = "1.0.151"
source = "registry+https://github.com/rust-lang/crates.io-index"
checksum = "c841b55ecdae098c80dcae9cf767f6f8a0c2cdb3416bbef72181df4d0fe73f14"
dependencies = [
 "itoa",
 "memchr",
 "serde",
 "serde_core",
 "zmij",
]

[[package]]
name = "smallvec"
version = "1.16.2"
source = "registry+https://github.com/rust-lang/crates.io-index"
checksum = "f9395f0f0eee849a9b707b2f06bb92a6a422090e2123bb2ef8e87a0e61892a8e"

[[package]]
name = "strum"
version = "0.26.3"
source = "registry+https://github.com/rust-lang/crates.io-index"
checksum = "8fec0f0aef304996cf250b31b5a10dee7980c85da9d759361292b8bca5a18f06"
dependencies = [
 "strum_macros",
]

[[package]]
name = "strum_macros"
version = "0.26.4"
source = "registry+https://github.com/rust-lang/crates.io-index"
checksum = "4c6bee85a5a24955dc440386795aa378cd9cf82acd5f764469152d2270e581be"
dependencies = [
 "heck",
 "proc-macro2",
 "quote",
 "rustversion",
 "syn 2.0.119",
]

[[package]]
name = "syn"
version = "2.0.119"
source = "registry+https://github.com/rust-lang/crates.io-index"
checksum = "872831b642d1a07999a962a351ed35b955ea2cfc8f3862091e2a240a84f17297"
dependencies = [
 "proc-macro2",
 "quote",
 "unicode-ident",
]

[[package]]
name = "syn"
version = "3.0.6"
source = "registry+https://github.com/rust-lang/crates.io-index"
checksum = "8593e8e72159ed2257d083c7a454a85cbf854f37a0966d8d483aff8c8a3ebcee"
dependencies = [
 "proc-macro2",
 "quote",
 "unicode-ident",
]

[[package]]
name = "thiserror"
version = "2.0.21"
source = "registry+https://github.com/rust-lang/crates.io-index"
checksum = "09e52cb86a36cede5cb101bf8908837b3e4c6e5e59fe7fd85c23fb56200d189e"
dependencies = [
 "thiserror-impl",
]

[[package]]
name = "thiserror-impl"
version = "2.0.21"
source = "registry+https://github.com/rust-lang/crates.io-index"
checksum = "fe5197923287db20a58125f0bc85c062f7f2c892de97b18c356f9efb14b28524"
dependencies = [
 "proc-macro2",
 "quote",
 "syn 3.0.6",
]

[[package]]
name = "unicode-ident"
version = "1.0.26"
source = "registry+https://github.com/rust-lang/crates.io-index"
checksum = "d245f478577f809a851594d02313b640fb437e0bb33866753cff937863096954"

[[package]]
name = "unicode-xid"
version = "0.2.6"
source = "registry+https://github.com/rust-lang/crates.io-index"
checksum = "ebc1c04c71510c7f702b52b7c350734c9ff1295c464a03335b00bb84fc54f853"

[[package]]
name = "windows-link"
version = "0.2.1"
source = "registry+https://github.com/rust-lang/crates.io-index"
checksum = "f0805222e57f7521d6a62e36fa9163bc891acd422f971defe97d64e70d0a4fe5"

[[package]]
name = "windows-sys"
version = "0.59.0"
source = "registry+https://github.com/rust-lang/crates.io-index"
checksum = "1e38bc4d79ed67fd075bcc251a1c39b32a1776bbe92e5bef1f0bf1f8c531853b"
dependencies = [
 "windows-targets",
]

[[package]]
name = "windows-sys"
version = "0.61.2"
source = "registry+https://github.com/rust-lang/crates.io-index"
checksum = "ae137229bcbd6cdf0f7b80a31df61766145077ddf49416a728b02cb3921ff3fc"
dependencies = [
 "windows-link",
]

[[package]]
name = "windows-targets"
version = "0.52.6"
source = "registry+https://github.com/rust-lang/crates.io-index"
checksum = "9b724f72796e036ab90c1021d4780d4d3d648aca59e491e6b98e725b84e99973"
dependencies = [
 "windows_aarch64_gnullvm",
 "windows_aarch64_msvc",
 "windows_i686_gnu",
 "windows_i686_gnullvm",
 "windows_i686_msvc",
 "windows_x86_64_gnu",
 "windows_x86_64_gnullvm",
 "windows_x86_64_msvc",
]

[[package]]
name = "windows_aarch64_gnullvm"
version = "0.52.6"
source = "registry+https://github.com/rust-lang/crates.io-index"
checksum = "32a4622180e7a0ec044bb555404c800bc9fd9ec262ec147edd5989ccd0c02cd3"

[[package]]
name = "windows_aarch64_msvc"
version = "0.52.6"
source = "registry+https://github.com/rust-lang/crates.io-index"
checksum = "09ec2a7bb152e2252b53fa7803150007879548bc709c039df7627cabbd05d469"

[[package]]
name = "windows_i686_gnu"
version = "0.52.6"
source = "registry+https://github.com/rust-lang/crates.io-index"
checksum = "8e9b5ad5ab802e97eb8e295ac6720e509ee4c243f69d781394014ebfe8bbfa0b"

[[package]]
name = "windows_i686_gnullvm"
version = "0.52.6"
source = "registry+https://github.com/rust-lang/crates.io-index"
checksum = "0eee52d38c090b3caa76c563b86c3a4bd71ef1a819287c19d586d7334ae8ed66"

[[package]]
name = "windows_i686_msvc"
version = "0.52.6"
source = "registry+https://github.com/rust-lang/crates.io-index"
checksum = "240948bc05c5e7c6dabba28bf89d89ffce3e303022809e73deaefe4f6ec56c66"

[[package]]
name = "windows_x86_64_gnu"
version = "0.52.6"
source = "registry+https://github.com/rust-lang/crates.io-index"
checksum = "147a5c80aabfbf0c7d901cb5895d1de30ef2907eb21fbbab29ca94c5b08b1a78"

[[package]]
name = "windows_x86_64_gnullvm"
version = "0.52.6"
source = "registry+https://github.com/rust-lang/crates.io-index"
checksum = "24d5b23dc417412679681396f2b49f3de8c1473deb516bd34410872eff51ed0d"

[[package]]
name = "windows_x86_64_msvc"
version = "0.52.6"
source = "registry+https://github.com/rust-lang/crates.io-index"
checksum = "589f6da84c646204747d1270a2a5661ea66ed1cced2631d546fdfb155959f9ec"

[[package]]
name = "zmij"
version = "1.0.23"
source = "registry+https://github.com/rust-lang/crates.io-index"
checksum = "29666d0abbfad1e3dc4dcf6144730dd3a3ab225bbbdac83319345b1b44ccfc1b"
